
Microsoft Visual Studio Solution File, Format Version 12.00
# Visual Studio 15
VisualStudioVersion = 15.0.28307.438
MinimumVisualStudioVersion = 10.0.40219.1
Project("{FAE04EC0-301F-11D3-BF4B-00C04F79EFBC}") = "Zaj02", "Zaj02\Zaj02.csproj", "{99DC0FB6-E61D-4244-BAD8-29DFE59468F6}"
EndProject
Global
	GlobalSection(SolutionConfigurationPlatforms) = preSolution
		Debug|Any CPU = Debug|Any CPU
		Release|Any CPU = Release|Any CPU
	EndGlobalSection
	GlobalSection(ProjectConfigurationPlatforms) = postSolution
		{99DC0FB6-E61D-4244-BAD8-29DFE59468F6}.Debug|Any CPU.ActiveCfg = Debug|Any CPU
		{99DC0FB6-E61D-4244-BAD8-29DFE59468F6}.Debug|Any CPU.Build.0 = Debug|Any CPU
		{99DC0FB6-E61D-4244-BAD8-29DFE59468F6}.Release|Any CPU.ActiveCfg = Release|Any CPU
		{99DC0FB6-E61D-4244-BAD8-29DFE59468F6}.Release|Any CPU.Build.0 = Release|Any CPU
	EndGlobalSection
	GlobalSection(SolutionProperties) = preSolution
		HideSolutionNode = FALSE
	EndGlobalSection
	GlobalSection(ExtensibilityGlobals) = postSolution
		SolutionGuid = {02E813F9-8C49-416C-A7D5-2AC544C9C090}
	EndGlobalSection
EndGlobal
