
Microsoft Visual Studio Solution File, Format Version 12.00
# Visual Studio 15
VisualStudioVersion = 15.0.28307.438
MinimumVisualStudioVersion = 10.0.40219.1
Project("{8BC9CEB8-8B4A-11D0-8D11-00A0C91BC942}") = "gklab09", "gklab09\gklab09.vcxproj", "{E0340F04-3F8A-45C7-8E38-B6D6EB4D20AE}"
EndProject
Global
	GlobalSection(SolutionConfigurationPlatforms) = preSolution
		Debug|x64 = Debug|x64
		Debug|x86 = Debug|x86
		Release|x64 = Release|x64
		Release|x86 = Release|x86
	EndGlobalSection
	GlobalSection(ProjectConfigurationPlatforms) = postSolution
		{E0340F04-3F8A-45C7-8E38-B6D6EB4D20AE}.Debug|x64.ActiveCfg = Debug|x64
		{E0340F04-3F8A-45C7-8E38-B6D6EB4D20AE}.Debug|x64.Build.0 = Debug|x64
		{E0340F04-3F8A-45C7-8E38-B6D6EB4D20AE}.Debug|x86.ActiveCfg = Debug|Win32
		{E0340F04-3F8A-45C7-8E38-B6D6EB4D20AE}.Debug|x86.Build.0 = Debug|Win32
		{E0340F04-3F8A-45C7-8E38-B6D6EB4D20AE}.Release|x64.ActiveCfg = Release|x64
		{E0340F04-3F8A-45C7-8E38-B6D6EB4D20AE}.Release|x64.Build.0 = Release|x64
		{E0340F04-3F8A-45C7-8E38-B6D6EB4D20AE}.Release|x86.ActiveCfg = Release|Win32
		{E0340F04-3F8A-45C7-8E38-B6D6EB4D20AE}.Release|x86.Build.0 = Release|Win32
	EndGlobalSection
	GlobalSection(SolutionProperties) = preSolution
		HideSolutionNode = FALSE
	EndGlobalSection
	GlobalSection(ExtensibilityGlobals) = postSolution
		SolutionGuid = {1565276E-916C-4ACE-AC58-19B2BC28DBB9}
	EndGlobalSection
EndGlobal
